// !$*UTF8*$!
{
	archiveVersion = 1;
	classes = {
	};
	objectVersion = 50;
	objects = {

/* Begin PBXBuildFile section */
		03AAB47B8458567447C60AC7 /* libPods-srpSDKFramework.a in Frameworks */ = {isa = PBXBuildFile; fileRef = 3450B79CEB5E5D0BF5B423BA /* libPods-srpSDKFramework.a */; };
		654F3B212240D5BD00336EE9 /* srpSDKFramework.framework in Frameworks */ = {isa = PBXBuildFile; fileRef = 654F3B172240D5BD00336EE9 /* srpSDKFramework.framework */; };
		654F3B262240D5BD00336EE9 /* srpSDKFrameworkTests.swift in Sources */ = {isa = PBXBuildFile; fileRef = 654F3B252240D5BD00336EE9 /* srpSDKFrameworkTests.swift */; };
		654F3B282240D5BD00336EE9 /* srpSDKFramework.h in Headers */ = {isa = PBXBuildFile; fileRef = 654F3B1A2240D5BD00336EE9 /* srpSDKFramework.h */; settings = {ATTRIBUTES = (Public, ); }; };
		654F3BF82240D79800336EE9 /* srpLink.swift in Sources */ = {isa = PBXBuildFile; fileRef = 654F3BF72240D79800336EE9 /* srpLink.swift */; };
		654F3BFA2240DC9600336EE9 /* TTSRPUtil.swift in Sources */ = {isa = PBXBuildFile; fileRef = 654F3BF92240DC9600336EE9 /* TTSRPUtil.swift */; };
		65FFEE442249D05B00338C0F /* TTAIChain.swift in Sources */ = {isa = PBXBuildFile; fileRef = 65FFEE432249D05B00338C0F /* TTAIChain.swift */; };
		65FFEE472249D0E900338C0F /* KeychainSwiftDistrib.swift in Sources */ = {isa = PBXBuildFile; fileRef = 65FFEE462249D0E900338C0F /* KeychainSwiftDistrib.swift */; };
/* End PBXBuildFile section */

/* Begin PBXContainerItemProxy section */
		654F3B222240D5BD00336EE9 /* PBXContainerItemProxy */ = {
			isa = PBXContainerItemProxy;
			containerPortal = 654F3B0E2240D5BD00336EE9 /* Project object */;
			proxyType = 1;
			remoteGlobalIDString = 654F3B162240D5BD00336EE9;
			remoteInfo = srpSDKFramework;
		};
/* End PBXContainerItemProxy section */

/* Begin PBXFileReference section */
		3450B79CEB5E5D0BF5B423BA /* libPods-srpSDKFramework.a */ = {isa = PBXFileReference; explicitFileType = archive.ar; includeInIndex = 0; path = "libPods-srpSDKFramework.a"; sourceTree = BUILT_PRODUCTS_DIR; };
		40870B31FCB99FD828D1E865 /* Pods-srpSDKFramework.debug.xcconfig */ = {isa = PBXFileReference; includeInIndex = 1; lastKnownFileType = text.xcconfig; name = "Pods-srpSDKFramework.debug.xcconfig"; path = "Target Support Files/Pods-srpSDKFramework/Pods-srpSDKFramework.debug.xcconfig"; sourceTree = "<group>"; };
		654F3B172240D5BD00336EE9 /* srpSDKFramework.framework */ = {isa = PBXFileReference; explicitFileType = wrapper.framework; includeInIndex = 0; path = srpSDKFramework.framework; sourceTree = BUILT_PRODUCTS_DIR; };
		654F3B1A2240D5BD00336EE9 /* srpSDKFramework.h */ = {isa = PBXFileReference; lastKnownFileType = sourcecode.c.h; path = srpSDKFramework.h; sourceTree = "<group>"; };
		654F3B1B2240D5BD00336EE9 /* Info.plist */ = {isa = PBXFileReference; lastKnownFileType = text.plist.xml; path = Info.plist; sourceTree = "<group>"; };
		654F3B202240D5BD00336EE9 /* srpSDKFrameworkTests.xctest */ = {isa = PBXFileReference; explicitFileType = wrapper.cfbundle; includeInIndex = 0; path = srpSDKFrameworkTests.xctest; sourceTree = BUILT_PRODUCTS_DIR; };
		654F3B252240D5BD00336EE9 /* srpSDKFrameworkTests.swift */ = {isa = PBXFileReference; lastKnownFileType = sourcecode.swift; path = srpSDKFrameworkTests.swift; sourceTree = "<group>"; };
		654F3B272240D5BD00336EE9 /* Info.plist */ = {isa = PBXFileReference; lastKnownFileType = text.plist.xml; path = Info.plist; sourceTree = "<group>"; };
		654F3BF72240D79800336EE9 /* srpLink.swift */ = {isa = PBXFileReference; lastKnownFileType = sourcecode.swift; path = srpLink.swift; sourceTree = "<group>"; };
		654F3BF92240DC9600336EE9 /* TTSRPUtil.swift */ = {isa = PBXFileReference; lastKnownFileType = sourcecode.swift; path = TTSRPUtil.swift; sourceTree = "<group>"; };
		65FFEE432249D05B00338C0F /* TTAIChain.swift */ = {isa = PBXFileReference; lastKnownFileType = sourcecode.swift; path = TTAIChain.swift; sourceTree = "<group>"; };
		65FFEE462249D0E900338C0F /* KeychainSwiftDistrib.swift */ = {isa = PBXFileReference; fileEncoding = 4; lastKnownFileType = sourcecode.swift; path = KeychainSwiftDistrib.swift; sourceTree = "<group>"; };
		E63E05C2432401DD2C8DCF5B /* Pods-srpSDKFramework.release.xcconfig */ = {isa = PBXFileReference; includeInIndex = 1; lastKnownFileType = text.xcconfig; name = "Pods-srpSDKFramework.release.xcconfig"; path = "Target Support Files/Pods-srpSDKFramework/Pods-srpSDKFramework.release.xcconfig"; sourceTree = "<group>"; };
/* End PBXFileReference section */

/* Begin PBXFrameworksBuildPhase section */
		654F3B142240D5BD00336EE9 /* Frameworks */ = {
			isa = PBXFrameworksBuildPhase;
			buildActionMask = 2147483647;
			files = (
				03AAB47B8458567447C60AC7 /* libPods-srpSDKFramework.a in Frameworks */,
			);
			runOnlyForDeploymentPostprocessing = 0;
		};
		654F3B1D2240D5BD00336EE9 /* Frameworks */ = {
			isa = PBXFrameworksBuildPhase;
			buildActionMask = 2147483647;
			files = (
				654F3B212240D5BD00336EE9 /* srpSDKFramework.framework in Frameworks */,
			);
			runOnlyForDeploymentPostprocessing = 0;
		};
/* End PBXFrameworksBuildPhase section */

/* Begin PBXGroup section */
		654F3B0D2240D5BD00336EE9 = {
			isa = PBXGroup;
			children = (
				654F3B192240D5BD00336EE9 /* srpSDKFramework */,
				654F3B242240D5BD00336EE9 /* srpSDKFrameworkTests */,
				654F3B182240D5BD00336EE9 /* Products */,
				F02E8E904CEB5C054DE6FF7D /* Pods */,
				F70A388DB3557910DE28DF99 /* Frameworks */,
			);
			sourceTree = "<group>";
		};
		654F3B182240D5BD00336EE9 /* Products */ = {
			isa = PBXGroup;
			children = (
				654F3B172240D5BD00336EE9 /* srpSDKFramework.framework */,
				654F3B202240D5BD00336EE9 /* srpSDKFrameworkTests.xctest */,
			);
			name = Products;
			sourceTree = "<group>";
		};
		654F3B192240D5BD00336EE9 /* srpSDKFramework */ = {
			isa = PBXGroup;
			children = (
				65FFEE452249D0E900338C0F /* keychainswift */,
				654F3B1A2240D5BD00336EE9 /* srpSDKFramework.h */,
				654F3B1B2240D5BD00336EE9 /* Info.plist */,
				654F3BF72240D79800336EE9 /* srpLink.swift */,
				654F3BF92240DC9600336EE9 /* TTSRPUtil.swift */,
				65FFEE432249D05B00338C0F /* TTAIChain.swift */,
			);
			path = srpSDKFramework;
			sourceTree = "<group>";
		};
		654F3B242240D5BD00336EE9 /* srpSDKFrameworkTests */ = {
			isa = PBXGroup;
			children = (
				654F3B252240D5BD00336EE9 /* srpSDKFrameworkTests.swift */,
				654F3B272240D5BD00336EE9 /* Info.plist */,
			);
			path = srpSDKFrameworkTests;
			sourceTree = "<group>";
		};
		65FFEE452249D0E900338C0F /* keychainswift */ = {
			isa = PBXGroup;
			children = (
				65FFEE462249D0E900338C0F /* KeychainSwiftDistrib.swift */,
			);
			path = keychainswift;
			sourceTree = "<group>";
		};
		F02E8E904CEB5C054DE6FF7D /* Pods */ = {
			isa = PBXGroup;
			children = (
				40870B31FCB99FD828D1E865 /* Pods-srpSDKFramework.debug.xcconfig */,
				E63E05C2432401DD2C8DCF5B /* Pods-srpSDKFramework.release.xcconfig */,
			);
			name = Pods;
			path = ../srpSDKTestDemo/Pods;
			sourceTree = "<group>";
		};
		F70A388DB3557910DE28DF99 /* Frameworks */ = {
			isa = PBXGroup;
			children = (
				3450B79CEB5E5D0BF5B423BA /* libPods-srpSDKFramework.a */,
			);
			name = Frameworks;
			sourceTree = "<group>";
		};
/* End PBXGroup section */

/* Begin PBXHeadersBuildPhase section */
		654F3B122240D5BD00336EE9 /* Headers */ = {
			isa = PBXHeadersBuildPhase;
			buildActionMask = 2147483647;
			files = (
				654F3B282240D5BD00336EE9 /* srpSDKFramework.h in Headers */,
			);
			runOnlyForDeploymentPostprocessing = 0;
		};
/* End PBXHeadersBuildPhase section */

/* Begin PBXNativeTarget section */
		654F3B162240D5BD00336EE9 /* srpSDKFramework */ = {
			isa = PBXNativeTarget;
			buildConfigurationList = 654F3B2B2240D5BD00336EE9 /* Build configuration list for PBXNativeTarget "srpSDKFramework" */;
			buildPhases = (
				FCEA9DDB7622A30468ABB82A /* [CP] Check Pods Manifest.lock */,
				654F3B122240D5BD00336EE9 /* Headers */,
				654F3B132240D5BD00336EE9 /* Sources */,
				654F3B142240D5BD00336EE9 /* Frameworks */,
				654F3B152240D5BD00336EE9 /* Resources */,
			);
			buildRules = (
			);
			dependencies = (
			);
			name = srpSDKFramework;
			productName = srpSDKFramework;
			productReference = 654F3B172240D5BD00336EE9 /* srpSDKFramework.framework */;
			productType = "com.apple.product-type.framework";
		};
		654F3B1F2240D5BD00336EE9 /* srpSDKFrameworkTests */ = {
			isa = PBXNativeTarget;
			buildConfigurationList = 654F3B2E2240D5BD00336EE9 /* Build configuration list for PBXNativeTarget "srpSDKFrameworkTests" */;
			buildPhases = (
				654F3B1C2240D5BD00336EE9 /* Sources */,
				654F3B1D2240D5BD00336EE9 /* Frameworks */,
				654F3B1E2240D5BD00336EE9 /* Resources */,
			);
			buildRules = (
			);
			dependencies = (
				654F3B232240D5BD00336EE9 /* PBXTargetDependency */,
			);
			name = srpSDKFrameworkTests;
			productName = srpSDKFrameworkTests;
			productReference = 654F3B202240D5BD00336EE9 /* srpSDKFrameworkTests.xctest */;
			productType = "com.apple.product-type.bundle.unit-test";
		};
/* End PBXNativeTarget section */

/* Begin PBXProject section */
		654F3B0E2240D5BD00336EE9 /* Project object */ = {
			isa = PBXProject;
			attributes = {
				LastSwiftUpdateCheck = 1010;
				LastUpgradeCheck = 1010;
				ORGANIZATIONNAME = "小福";
				TargetAttributes = {
					654F3B162240D5BD00336EE9 = {
						CreatedOnToolsVersion = 10.1;
						LastSwiftMigration = 1010;
					};
					654F3B1F2240D5BD00336EE9 = {
						CreatedOnToolsVersion = 10.1;
					};
				};
			};
			buildConfigurationList = 654F3B112240D5BD00336EE9 /* Build configuration list for PBXProject "srpSDKFramework" */;
			compatibilityVersion = "Xcode 9.3";
			developmentRegion = en;
			hasScannedForEncodings = 0;
			knownRegions = (
				en,
			);
			mainGroup = 654F3B0D2240D5BD00336EE9;
			productRefGroup = 654F3B182240D5BD00336EE9 /* Products */;
			projectDirPath = "";
			projectRoot = "";
			targets = (
				654F3B162240D5BD00336EE9 /* srpSDKFramework */,
				654F3B1F2240D5BD00336EE9 /* srpSDKFrameworkTests */,
			);
		};
/* End PBXProject section */

/* Begin PBXResourcesBuildPhase section */
		654F3B152240D5BD00336EE9 /* Resources */ = {
			isa = PBXResourcesBuildPhase;
			buildActionMask = 2147483647;
			files = (
			);
			runOnlyForDeploymentPostprocessing = 0;
		};
		654F3B1E2240D5BD00336EE9 /* Resources */ = {
			isa = PBXResourcesBuildPhase;
			buildActionMask = 2147483647;
			files = (
			);
			runOnlyForDeploymentPostprocessing = 0;
		};
/* End PBXResourcesBuildPhase section */

/* Begin PBXShellScriptBuildPhase section */
		FCEA9DDB7622A30468ABB82A /* [CP] Check Pods Manifest.lock */ = {
			isa = PBXShellScriptBuildPhase;
			buildActionMask = 2147483647;
			files = (
			);
			inputFileListPaths = (
			);
			inputPaths = (
				"${PODS_PODFILE_DIR_PATH}/Podfile.lock",
				"${PODS_ROOT}/Manifest.lock",
			);
			name = "[CP] Check Pods Manifest.lock";
			outputFileListPaths = (
			);
			outputPaths = (
				"$(DERIVED_FILE_DIR)/Pods-srpSDKFramework-checkManifestLockResult.txt",
			);
			runOnlyForDeploymentPostprocessing = 0;
			shellPath = /bin/sh;
			shellScript = "diff \"${PODS_PODFILE_DIR_PATH}/Podfile.lock\" \"${PODS_ROOT}/Manifest.lock\" > /dev/null\nif [ $? != 0 ] ; then\n    # print error to STDERR\n    echo \"error: The sandbox is not in sync with the Podfile.lock. Run 'pod install' or update your CocoaPods installation.\" >&2\n    exit 1\nfi\n# This output is used by Xcode 'outputs' to avoid re-running this script phase.\necho \"SUCCESS\" > \"${SCRIPT_OUTPUT_FILE_0}\"\n";
			showEnvVarsInLog = 0;
		};
/* End PBXShellScriptBuildPhase section */

/* Begin PBXSourcesBuildPhase section */
		654F3B132240D5BD00336EE9 /* Sources */ = {
			isa = PBXSourcesBuildPhase;
			buildActionMask = 2147483647;
			files = (
				654F3BF82240D79800336EE9 /* srpLink.swift in Sources */,
				654F3BFA2240DC9600336EE9 /* TTSRPUtil.swift in Sources */,
				65FFEE442249D05B00338C0F /* TTAIChain.swift in Sources */,
				65FFEE472249D0E900338C0F /* KeychainSwiftDistrib.swift in Sources */,
			);
			runOnlyForDeploymentPostprocessing = 0;
		};
		654F3B1C2240D5BD00336EE9 /* Sources */ = {
			isa = PBXSourcesBuildPhase;
			buildActionMask = 2147483647;
			files = (
				654F3B262240D5BD00336EE9 /* srpSDKFrameworkTests.swift in Sources */,
			);
			runOnlyForDeploymentPostprocessing = 0;
		};
/* End PBXSourcesBuildPhase section */

/* Begin PBXTargetDependency section */
		654F3B232240D5BD00336EE9 /* PBXTargetDependency */ = {
			isa = PBXTargetDependency;
			target = 654F3B162240D5BD00336EE9 /* srpSDKFramework */;
			targetProxy = 654F3B222240D5BD00336EE9 /* PBXContainerItemProxy */;
		};
/* End PBXTargetDependency section */

/* Begin XCBuildConfiguration section */
		654F3B292240D5BD00336EE9 /* Debug */ = {
			isa = XCBuildConfiguration;
			buildSettings = {
				ALWAYS_SEARCH_USER_PATHS = NO;
				CLANG_ANALYZER_NONNULL = YES;
				CLANG_ANALYZER_NUMBER_OBJECT_CONVERSION = YES_AGGRESSIVE;
				CLANG_CXX_LANGUAGE_STANDARD = "gnu++14";
				CLANG_CXX_LIBRARY = "libc++";
				CLANG_ENABLE_MODULES = YES;
				CLANG_ENABLE_OBJC_ARC = YES;
				CLANG_ENABLE_OBJC_WEAK = YES;
				CLANG_WARN_BLOCK_CAPTURE_AUTORELEASING = YES;
				CLANG_WARN_BOOL_CONVERSION = YES;
				CLANG_WARN_COMMA = YES;
				CLANG_WARN_CONSTANT_CONVERSION = YES;
				CLANG_WARN_DEPRECATED_OBJC_IMPLEMENTATIONS = YES;
				CLANG_WARN_DIRECT_OBJC_ISA_USAGE = YES_ERROR;
				CLANG_WARN_DOCUMENTATION_COMMENTS = YES;
				CLANG_WARN_EMPTY_BODY = YES;
				CLANG_WARN_ENUM_CONVERSION = YES;
				CLANG_WARN_INFINITE_RECURSION = YES;
				CLANG_WARN_INT_CONVERSION = YES;
				CLANG_WARN_NON_LITERAL_NULL_CONVERSION = YES;
				CLANG_WARN_OBJC_IMPLICIT_RETAIN_SELF = YES;
				CLANG_WARN_OBJC_LITERAL_CONVERSION = YES;
				CLANG_WARN_OBJC_ROOT_CLASS = YES_ERROR;
				CLANG_WARN_RANGE_LOOP_ANALYSIS = YES;
				CLANG_WARN_STRICT_PROTOTYPES = YES;
				CLANG_WARN_SUSPICIOUS_MOVE = YES;
				CLANG_WARN_UNGUARDED_AVAILABILITY = YES_AGGRESSIVE;
				CLANG_WARN_UNREACHABLE_CODE = YES;
				CLANG_WARN__DUPLICATE_METHOD_MATCH = YES;
				CODE_SIGN_IDENTITY = "iPhone Developer";
				COPY_PHASE_STRIP = NO;
				CURRENT_PROJECT_VERSION = 1;
				DEAD_CODE_STRIPPING = NO;
				DEBUG_INFORMATION_FORMAT = dwarf;
				ENABLE_STRICT_OBJC_MSGSEND = YES;
				ENABLE_TESTABILITY = YES;
				GCC_C_LANGUAGE_STANDARD = gnu11;
				GCC_DYNAMIC_NO_PIC = NO;
				GCC_NO_COMMON_BLOCKS = YES;
				GCC_OPTIMIZATION_LEVEL = 0;
				GCC_PREPROCESSOR_DEFINITIONS = (
					"DEBUG=1",
					"$(inherited)",
				);
				GCC_WARN_64_TO_32_BIT_CONVERSION = YES;
				GCC_WARN_ABOUT_RETURN_TYPE = YES_ERROR;
				GCC_WARN_UNDECLARED_SELECTOR = YES;
				GCC_WARN_UNINITIALIZED_AUTOS = YES_AGGRESSIVE;
				GCC_WARN_UNUSED_FUNCTION = YES;
				GCC_WARN_UNUSED_VARIABLE = YES;
				IPHONEOS_DEPLOYMENT_TARGET = 10.0;
				MACH_O_TYPE = staticlib;
				MTL_ENABLE_DEBUG_INFO = INCLUDE_SOURCE;
				MTL_FAST_MATH = YES;
				ONLY_ACTIVE_ARCH = YES;
				SDKROOT = iphoneos;
				SWIFT_ACTIVE_COMPILATION_CONDITIONS = DEBUG;
				SWIFT_OPTIMIZATION_LEVEL = "-Onone";
				VERSIONING_SYSTEM = "apple-generic";
				VERSION_INFO_PREFIX = "";
			};
			name = Debug;
		};
		654F3B2A2240D5BD00336EE9 /* Release */ = {
			isa = XCBuildConfiguration;
			buildSettings = {
				ALWAYS_SEARCH_USER_PATHS = NO;
				CLANG_ANALYZER_NONNULL = YES;
				CLANG_ANALYZER_NUMBER_OBJECT_CONVERSION = YES_AGGRESSIVE;
				CLANG_CXX_LANGUAGE_STANDARD = "gnu++14";
				CLANG_CXX_LIBRARY = "libc++";
				CLANG_ENABLE_MODULES = YES;
				CLANG_ENABLE_OBJC_ARC = YES;
				CLANG_ENABLE_OBJC_WEAK = YES;
				CLANG_WARN_BLOCK_CAPTURE_AUTORELEASING = YES;
				CLANG_WARN_BOOL_CONVERSION = YES;
				CLANG_WARN_COMMA = YES;
				CLANG_WARN_CONSTANT_CONVERSION = YES;
				CLANG_WARN_DEPRECATED_OBJC_IMPLEMENTATIONS = YES;
				CLANG_WARN_DIRECT_OBJC_ISA_USAGE = YES_ERROR;
				CLANG_WARN_DOCUMENTATION_COMMENTS = YES;
				CLANG_WARN_EMPTY_BODY = YES;
				CLANG_WARN_ENUM_CONVERSION = YES;
				CLANG_WARN_INFINITE_RECURSION = YES;
				CLANG_WARN_INT_CONVERSION = YES;
				CLANG_WARN_NON_LITERAL_NULL_CONVERSION = YES;
				CLANG_WARN_OBJC_IMPLICIT_RETAIN_SELF = YES;
				CLANG_WARN_OBJC_LITERAL_CONVERSION = YES;
				CLANG_WARN_OBJC_ROOT_CLASS = YES_ERROR;
				CLANG_WARN_RANGE_LOOP_ANALYSIS = YES;
				CLANG_WARN_STRICT_PROTOTYPES = YES;
				CLANG_WARN_SUSPICIOUS_MOVE = YES;
				CLANG_WARN_UNGUARDED_AVAILABILITY = YES_AGGRESSIVE;
				CLANG_WARN_UNREACHABLE_CODE = YES;
				CLANG_WARN__DUPLICATE_METHOD_MATCH = YES;
				CODE_SIGN_IDENTITY = "iPhone Developer";
				COPY_PHASE_STRIP = NO;
				CURRENT_PROJECT_VERSION = 1;
				DEAD_CODE_STRIPPING = NO;
				DEBUG_INFORMATION_FORMAT = "dwarf-with-dsym";
				ENABLE_NS_ASSERTIONS = NO;
				ENABLE_STRICT_OBJC_MSGSEND = YES;
				GCC_C_LANGUAGE_STANDARD = gnu11;
				GCC_NO_COMMON_BLOCKS = YES;
				GCC_WARN_64_TO_32_BIT_CONVERSION = YES;
				GCC_WARN_ABOUT_RETURN_TYPE = YES_ERROR;
				GCC_WARN_UNDECLARED_SELECTOR = YES;
				GCC_WARN_UNINITIALIZED_AUTOS = YES_AGGRESSIVE;
				GCC_WARN_UNUSED_FUNCTION = YES;
				GCC_WARN_UNUSED_VARIABLE = YES;
				IPHONEOS_DEPLOYMENT_TARGET = 10.0;
				MACH_O_TYPE = staticlib;
				MTL_ENABLE_DEBUG_INFO = NO;
				MTL_FAST_MATH = YES;
				SDKROOT = iphoneos;
				SWIFT_COMPILATION_MODE = wholemodule;
				SWIFT_OPTIMIZATION_LEVEL = "-O";
				VALIDATE_PRODUCT = YES;
				VERSIONING_SYSTEM = "apple-generic";
				VERSION_INFO_PREFIX = "";
			};
			name = Release;
		};
		654F3B2C2240D5BD00336EE9 /* Debug */ = {
			isa = XCBuildConfiguration;
			baseConfigurationReference = 40870B31FCB99FD828D1E865 /* Pods-srpSDKFramework.debug.xcconfig */;
			buildSettings = {
				CLANG_ENABLE_MODULES = YES;
				CODE_SIGN_IDENTITY = "";
				CODE_SIGN_STYLE = Automatic;
				DEFINES_MODULE = YES;
				DYLIB_COMPATIBILITY_VERSION = 1;
				DYLIB_CURRENT_VERSION = 1;
				DYLIB_INSTALL_NAME_BASE = "@rpath";
				ENABLE_BITCODE = NO;
				INFOPLIST_FILE = srpSDKFramework/Info.plist;
				INSTALL_PATH = "$(LOCAL_LIBRARY_DIR)/Frameworks";
				LD_RUNPATH_SEARCH_PATHS = (
					"$(inherited)",
					"@executable_path/Frameworks",
					"@loader_path/Frameworks",
				);
				MACH_O_TYPE = staticlib;
				ONLY_ACTIVE_ARCH = NO;
				PRODUCT_BUNDLE_IDENTIFIER = com.srpSDKFramework;
				PRODUCT_NAME = "$(TARGET_NAME:c99extidentifier)";
				SKIP_INSTALL = YES;
				SWIFT_OPTIMIZATION_LEVEL = "-Onone";
				SWIFT_VERSION = 4.2;
				TARGETED_DEVICE_FAMILY = "1,2";
			};
			name = Debug;
		};
		654F3B2D2240D5BD00336EE9 /* Release */ = {
			isa = XCBuildConfiguration;
			baseConfigurationReference = E63E05C2432401DD2C8DCF5B /* Pods-srpSDKFramework.release.xcconfig */;
			buildSettings = {
				CLANG_ENABLE_MODULES = YES;
				CODE_SIGN_IDENTITY = "";
				CODE_SIGN_STYLE = Automatic;
				DEFINES_MODULE = YES;
				DYLIB_COMPATIBILITY_VERSION = 1;
				DYLIB_CURRENT_VERSION = 1;
				DYLIB_INSTALL_NAME_BASE = "@rpath";
				ENABLE_BITCODE = NO;
				INFOPLIST_FILE = srpSDKFramework/Info.plist;
				INSTALL_PATH = "$(LOCAL_LIBRARY_DIR)/Frameworks";
				LD_RUNPATH_SEARCH_PATHS = (
					"$(inherited)",
					"@executable_path/Frameworks",
					"@loader_path/Frameworks",
				);
				MACH_O_TYPE = staticlib;
				ONLY_ACTIVE_ARCH = NO;
				PRODUCT_BUNDLE_IDENTIFIER = com.srpSDKFramework;
				PRODUCT_NAME = "$(TARGET_NAME:c99extidentifier)";
				SKIP_INSTALL = YES;
				SWIFT_VERSION = 4.2;
				TARGETED_DEVICE_FAMILY = "1,2";
			};
			name = Release;
		};
		654F3B2F2240D5BD00336EE9 /* Debug */ = {
			isa = XCBuildConfiguration;
			buildSettings = {
				ALWAYS_EMBED_SWIFT_STANDARD_LIBRARIES = YES;
				CODE_SIGN_STYLE = Automatic;
				INFOPLIST_FILE = srpSDKFrameworkTests/Info.plist;
				LD_RUNPATH_SEARCH_PATHS = (
					"$(inherited)",
					"@executable_path/Frameworks",
					"@loader_path/Frameworks",
				);
				PRODUCT_BUNDLE_IDENTIFIER = Fuu.srpSDKFrameworkTests;
				PRODUCT_NAME = "$(TARGET_NAME)";
				SWIFT_VERSION = 4.2;
				TARGETED_DEVICE_FAMILY = "1,2";
			};
			name = Debug;
		};
		654F3B302240D5BD00336EE9 /* Release */ = {
			isa = XCBuildConfiguration;
			buildSettings = {
				ALWAYS_EMBED_SWIFT_STANDARD_LIBRARIES = YES;
				CODE_SIGN_STYLE = Automatic;
				INFOPLIST_FILE = srpSDKFrameworkTests/Info.plist;
				LD_RUNPATH_SEARCH_PATHS = (
					"$(inherited)",
					"@executable_path/Frameworks",
					"@loader_path/Frameworks",
				);
				PRODUCT_BUNDLE_IDENTIFIER = Fuu.srpSDKFrameworkTests;
				PRODUCT_NAME = "$(TARGET_NAME)";
				SWIFT_VERSION = 4.2;
				TARGETED_DEVICE_FAMILY = "1,2";
			};
			name = Release;
		};
/* End XCBuildConfiguration section */

/* Begin XCConfigurationList section */
		654F3B112240D5BD00336EE9 /* Build configuration list for PBXProject "srpSDKFramework" */ = {
			isa = XCConfigurationList;
			buildConfigurations = (
				654F3B292240D5BD00336EE9 /* Debug */,
				654F3B2A2240D5BD00336EE9 /* Release */,
			);
			defaultConfigurationIsVisible = 0;
			defaultConfigurationName = Release;
		};
		654F3B2B2240D5BD00336EE9 /* Build configuration list for PBXNativeTarget "srpSDKFramework" */ = {
			isa = XCConfigurationList;
			buildConfigurations = (
				654F3B2C2240D5BD00336EE9 /* Debug */,
				654F3B2D2240D5BD00336EE9 /* Release */,
			);
			defaultConfigurationIsVisible = 0;
			defaultConfigurationName = Release;
		};
		654F3B2E2240D5BD00336EE9 /* Build configuration list for PBXNativeTarget "srpSDKFrameworkTests" */ = {
			isa = XCConfigurationList;
			buildConfigurations = (
				654F3B2F2240D5BD00336EE9 /* Debug */,
				654F3B302240D5BD00336EE9 /* Release */,
			);
			defaultConfigurationIsVisible = 0;
			defaultConfigurationName = Release;
		};
/* End XCConfigurationList section */
	};
	rootObject = 654F3B0E2240D5BD00336EE9 /* Project object */;
}
